
Microsoft Visual Studio Solution File, Format Version 12.00
# Visual Studio Version 17
VisualStudioVersion = 17.8.34309.116
MinimumVisualStudioVersion = 10.0.40219.1
Project("{FAE04EC0-301F-11D3-BF4B-00C04F79EFBC}") = "MiniProject001", "MiniProject001\MiniProject001.csproj", "{7219F797-9D48-4A18-88ED-40069271B113}"
EndProject
Global
	GlobalSection(SolutionConfigurationPlatforms) = preSolution
		Debug|Any CPU = Debug|Any CPU
		Release|Any CPU = Release|Any CPU
	EndGlobalSection
	GlobalSection(ProjectConfigurationPlatforms) = postSolution
		{7219F797-9D48-4A18-88ED-40069271B113}.Debug|Any CPU.ActiveCfg = Debug|Any CPU
		{7219F797-9D48-4A18-88ED-40069271B113}.Debug|Any CPU.Build.0 = Debug|Any CPU
		{7219F797-9D48-4A18-88ED-40069271B113}.Release|Any CPU.ActiveCfg = Release|Any CPU
		{7219F797-9D48-4A18-88ED-40069271B113}.Release|Any CPU.Build.0 = Release|Any CPU
	EndGlobalSection
	GlobalSection(SolutionProperties) = preSolution
		HideSolutionNode = FALSE
	EndGlobalSection
	GlobalSection(ExtensibilityGlobals) = postSolution
		SolutionGuid = {711C7F43-7CCA-4C36-9263-51FF129D5B45}
	EndGlobalSection
EndGlobal
